// !$*UTF8*$!
{
	archiveVersion = 1;
	classes = {
	};
	objectVersion = 77;
	objects = {

/* Begin PBXContainerItemProxy section */
		B068F1912E10664A005AA07E /* PBXContainerItemProxy */ = {
			isa = PBXContainerItemProxy;
			containerPortal = B068F17A2E106648005AA07E /* Project object */;
			proxyType = 1;
			remoteGlobalIDString = B068F1812E106648005AA07E;
			remoteInfo = designstage;
		};
		B068F19B2E10664A005AA07E /* PBXContainerItemProxy */ = {
			isa = PBXContainerItemProxy;
			containerPortal = B068F17A2E106648005AA07E /* Project object */;
			proxyType = 1;
			remoteGlobalIDString = B068F1812E106648005AA07E;
			remoteInfo = designstage;
		};
/* End PBXContainerItemProxy section */

/* Begin PBXFileReference section */
		B068F1822E106648005AA07E /* designstage.app */ = {isa = PBXFileReference; explicitFileType = wrapper.application; includeInIndex = 0; path = designstage.app; sourceTree = BUILT_PRODUCTS_DIR; };
		B068F1902E10664A005AA07E /* designstageTests.xctest */ = {isa = PBXFileReference; explicitFileType = wrapper.cfbundle; includeInIndex = 0; path = designstageTests.xctest; sourceTree = BUILT_PRODUCTS_DIR; };
		B068F19A2E10664A005AA07E /* designstageUITests.xctest */ = {isa = PBXFileReference; explicitFileType = wrapper.cfbundle; includeInIndex = 0; path = designstageUITests.xctest; sourceTree = BUILT_PRODUCTS_DIR; };
/* End PBXFileReference section */

/* Begin PBXFileSystemSynchronizedRootGroup section */
		B068F1842E106648005AA07E /* designstage */ = {
			isa = PBXFileSystemSynchronizedRootGroup;
			path = designstage;
			sourceTree = "<group>";
		};
		B068F1932E10664A005AA07E /* designstageTests */ = {
			isa = PBXFileSystemSynchronizedRootGroup;
			path = designstageTests;
			sourceTree = "<group>";
		};
		B068F19D2E10664A005AA07E /* designstageUITests */ = {
			isa = PBXFileSystemSynchronizedRootGroup;
			path = designstageUITests;
			sourceTree = "<group>";
		};
/* End PBXFileSystemSynchronizedRootGroup section */

/* Begin PBXFrameworksBuildPhase section */
		B068F17F2E106648005AA07E /* Frameworks */ = {
			isa = PBXFrameworksBuildPhase;
			buildActionMask = 2147483647;
			files = (
			);
			runOnlyForDeploymentPostprocessing = 0;
		};
		B068F18D2E10664A005AA07E /* Frameworks */ = {
			isa = PBXFrameworksBuildPhase;
			buildActionMask = 2147483647;
			files = (
			);
			runOnlyForDeploymentPostprocessing = 0;
		};
		B068F1972E10664A005AA07E /* Frameworks */ = {
			isa = PBXFrameworksBuildPhase;
			buildActionMask = 2147483647;
			files = (
			);
			runOnlyForDeploymentPostprocessing = 0;
		};
/* End PBXFrameworksBuildPhase section */

/* Begin PBXGroup section */
		B068F1792E106648005AA07E = {
			isa = PBXGroup;
			children = (
				B068F1842E106648005AA07E /* designstage */,
				B068F1932E10664A005AA07E /* designstageTests */,
				B068F19D2E10664A005AA07E /* designstageUITests */,
				B068F1832E106648005AA07E /* Products */,
			);
			sourceTree = "<group>";
		};
		B068F1832E106648005AA07E /* Products */ = {
			isa = PBXGroup;
			children = (
				B068F1822E106648005AA07E /* designstage.app */,
				B068F1902E10664A005AA07E /* designstageTests.xctest */,
				B068F19A2E10664A005AA07E /* designstageUITests.xctest */,
			);
			name = Products;
			sourceTree = "<group>";
		};
/* End PBXGroup section */

/* Begin PBXNativeTarget section */
		B068F1812E106648005AA07E /* designstage */ = {
			isa = PBXNativeTarget;
			buildConfigurationList = B068F1A42E10664A005AA07E /* Build configuration list for PBXNativeTarget "designstage" */;
			buildPhases = (
				B068F17E2E106648005AA07E /* Sources */,
				B068F17F2E106648005AA07E /* Frameworks */,
				B068F1802E106648005AA07E /* Resources */,
			);
			buildRules = (
			);
			dependencies = (
			);
			fileSystemSynchronizedGroups = (
				B068F1842E106648005AA07E /* designstage */,
			);
			name = designstage;
			packageProductDependencies = (
			);
			productName = designstage;
			productReference = B068F1822E106648005AA07E /* designstage.app */;
			productType = "com.apple.product-type.application";
		};
		B068F18F2E10664A005AA07E /* designstageTests */ = {
			isa = PBXNativeTarget;
			buildConfigurationList = B068F1A72E10664A005AA07E /* Build configuration list for PBXNativeTarget "designstageTests" */;
			buildPhases = (
				B068F18C2E10664A005AA07E /* Sources */,
				B068F18D2E10664A005AA07E /* Frameworks */,
				B068F18E2E10664A005AA07E /* Resources */,
			);
			buildRules = (
			);
			dependencies = (
				B068F1922E10664A005AA07E /* PBXTargetDependency */,
			);
			fileSystemSynchronizedGroups = (
				B068F1932E10664A005AA07E /* designstageTests */,
			);
			name = designstageTests;
			packageProductDependencies = (
			);
			productName = designstageTests;
			productReference = B068F1902E10664A005AA07E /* designstageTests.xctest */;
			productType = "com.apple.product-type.bundle.unit-test";
		};
		B068F1992E10664A005AA07E /* designstageUITests */ = {
			isa = PBXNativeTarget;
			buildConfigurationList = B068F1AA2E10664A005AA07E /* Build configuration list for PBXNativeTarget "designstageUITests" */;
			buildPhases = (
				B068F1962E10664A005AA07E /* Sources */,
				B068F1972E10664A005AA07E /* Frameworks */,
				B068F1982E10664A005AA07E /* Resources */,
			);
			buildRules = (
			);
			dependencies = (
				B068F19C2E10664A005AA07E /* PBXTargetDependency */,
			);
			fileSystemSynchronizedGroups = (
				B068F19D2E10664A005AA07E /* designstageUITests */,
			);
			name = designstageUITests;
			packageProductDependencies = (
			);
			productName = designstageUITests;
			productReference = B068F19A2E10664A005AA07E /* designstageUITests.xctest */;
			productType = "com.apple.product-type.bundle.ui-testing";
		};
/* End PBXNativeTarget section */

/* Begin PBXProject section */
		B068F17A2E106648005AA07E /* Project object */ = {
			isa = PBXProject;
			attributes = {
				BuildIndependentTargetsInParallel = 1;
				LastSwiftUpdateCheck = 1640;
				LastUpgradeCheck = 1640;
				TargetAttributes = {
					B068F1812E106648005AA07E = {
						CreatedOnToolsVersion = 16.4;
					};
					B068F18F2E10664A005AA07E = {
						CreatedOnToolsVersion = 16.4;
						TestTargetID = B068F1812E106648005AA07E;
					};
					B068F1992E10664A005AA07E = {
						CreatedOnToolsVersion = 16.4;
						TestTargetID = B068F1812E106648005AA07E;
					};
				};
			};
			buildConfigurationList = B068F17D2E106648005AA07E /* Build configuration list for PBXProject "designstage" */;
			developmentRegion = en;
			hasScannedForEncodings = 0;
			knownRegions = (
				en,
				Base,
			);
			mainGroup = B068F1792E106648005AA07E;
			minimizedProjectReferenceProxies = 1;
			preferredProjectObjectVersion = 77;
			productRefGroup = B068F1832E106648005AA07E /* Products */;
			projectDirPath = "";
			projectRoot = "";
			targets = (
				B068F1812E106648005AA07E /* designstage */,
				B068F18F2E10664A005AA07E /* designstageTests */,
				B068F1992E10664A005AA07E /* designstageUITests */,
			);
		};
/* End PBXProject section */

/* Begin PBXResourcesBuildPhase section */
		B068F1802E106648005AA07E /* Resources */ = {
			isa = PBXResourcesBuildPhase;
			buildActionMask = 2147483647;
			files = (
			);
			runOnlyForDeploymentPostprocessing = 0;
		};
		B068F18E2E10664A005AA07E /* Resources */ = {
			isa = PBXResourcesBuildPhase;
			buildActionMask = 2147483647;
			files = (
			);
			runOnlyForDeploymentPostprocessing = 0;
		};
		B068F1982E10664A005AA07E /* Resources */ = {
			isa = PBXResourcesBuildPhase;
			buildActionMask = 2147483647;
			files = (
			);
			runOnlyForDeploymentPostprocessing = 0;
		};
/* End PBXResourcesBuildPhase section */

/* Begin PBXSourcesBuildPhase section */
		B068F17E2E106648005AA07E /* Sources */ = {
			isa = PBXSourcesBuildPhase;
			buildActionMask = 2147483647;
			files = (
			);
			runOnlyForDeploymentPostprocessing = 0;
		};
		B068F18C2E10664A005AA07E /* Sources */ = {
			isa = PBXSourcesBuildPhase;
			buildActionMask = 2147483647;
			files = (
			);
			runOnlyForDeploymentPostprocessing = 0;
		};
		B068F1962E10664A005AA07E /* Sources */ = {
			isa = PBXSourcesBuildPhase;
			buildActionMask = 2147483647;
			files = (
			);
			runOnlyForDeploymentPostprocessing = 0;
		};
/* End PBXSourcesBuildPhase section */

/* Begin PBXTargetDependency section */
		B068F1922E10664A005AA07E /* PBXTargetDependency */ = {
			isa = PBXTargetDependency;
			target = B068F1812E106648005AA07E /* designstage */;
			targetProxy = B068F1912E10664A005AA07E /* PBXContainerItemProxy */;
		};
		B068F19C2E10664A005AA07E /* PBXTargetDependency */ = {
			isa = PBXTargetDependency;
			target = B068F1812E106648005AA07E /* designstage */;
			targetProxy = B068F19B2E10664A005AA07E /* PBXContainerItemProxy */;
		};
/* End PBXTargetDependency section */

/* Begin XCBuildConfiguration section */
		B068F1A22E10664A005AA07E /* Debug */ = {
			isa = XCBuildConfiguration;
			buildSettings = {
				ALWAYS_SEARCH_USER_PATHS = NO;
				ASSETCATALOG_COMPILER_GENERATE_SWIFT_ASSET_SYMBOL_EXTENSIONS = YES;
				CLANG_ANALYZER_NONNULL = YES;
				CLANG_ANALYZER_NUMBER_OBJECT_CONVERSION = YES_AGGRESSIVE;
				CLANG_CXX_LANGUAGE_STANDARD = "gnu++20";
				CLANG_ENABLE_MODULES = YES;
				CLANG_ENABLE_OBJC_ARC = YES;
				CLANG_ENABLE_OBJC_WEAK = YES;
				CLANG_WARN_BLOCK_CAPTURE_AUTORELEASING = YES;
				CLANG_WARN_BOOL_CONVERSION = YES;
				CLANG_WARN_COMMA = YES;
				CLANG_WARN_CONSTANT_CONVERSION = YES;
				CLANG_WARN_DEPRECATED_OBJC_IMPLEMENTATIONS = YES;
				CLANG_WARN_DIRECT_OBJC_ISA_USAGE = YES_ERROR;
				CLANG_WARN_DOCUMENTATION_COMMENTS = YES;
				CLANG_WARN_EMPTY_BODY = YES;
				CLANG_WARN_ENUM_CONVERSION = YES;
				CLANG_WARN_INFINITE_RECURSION = YES;
				CLANG_WARN_INT_CONVERSION = YES;
				CLANG_WARN_NON_LITERAL_NULL_CONVERSION = YES;
				CLANG_WARN_OBJC_IMPLICIT_RETAIN_SELF = YES;
				CLANG_WARN_OBJC_LITERAL_CONVERSION = YES;
				CLANG_WARN_OBJC_ROOT_CLASS = YES_ERROR;
				CLANG_WARN_QUOTED_INCLUDE_IN_FRAMEWORK_HEADER = YES;
				CLANG_WARN_RANGE_LOOP_ANALYSIS = YES;
				CLANG_WARN_STRICT_PROTOTYPES = YES;
				CLANG_WARN_SUSPICIOUS_MOVE = YES;
				CLANG_WARN_UNGUARDED_AVAILABILITY = YES_AGGRESSIVE;
				CLANG_WARN_UNREACHABLE_CODE = YES;
				CLANG_WARN__DUPLICATE_METHOD_MATCH = YES;
				COPY_PHASE_STRIP = NO;
				DEBUG_INFORMATION_FORMAT = dwarf;
				DEVELOPMENT_TEAM = BEJ53HUAE7;
				ENABLE_STRICT_OBJC_MSGSEND = YES;
				ENABLE_TESTABILITY = YES;
				ENABLE_USER_SCRIPT_SANDBOXING = YES;
				GCC_C_LANGUAGE_STANDARD = gnu17;
				GCC_DYNAMIC_NO_PIC = NO;
				GCC_NO_COMMON_BLOCKS = YES;
				GCC_OPTIMIZATION_LEVEL = 0;
				GCC_PREPROCESSOR_DEFINITIONS = (
					"DEBUG=1",
					"$(inherited)",
				);
				GCC_WARN_64_TO_32_BIT_CONVERSION = YES;
				GCC_WARN_ABOUT_RETURN_TYPE = YES_ERROR;
				GCC_WARN_UNDECLARED_SELECTOR = YES;
				GCC_WARN_UNINITIALIZED_AUTOS = YES_AGGRESSIVE;
				GCC_WARN_UNUSED_FUNCTION = YES;
				GCC_WARN_UNUSED_VARIABLE = YES;
				LOCALIZATION_PREFERS_STRING_CATALOGS = YES;
				MACOSX_DEPLOYMENT_TARGET = 15.5;
				MTL_ENABLE_DEBUG_INFO = INCLUDE_SOURCE;
				MTL_FAST_MATH = YES;
				ONLY_ACTIVE_ARCH = YES;
				SDKROOT = macosx;
				SWIFT_ACTIVE_COMPILATION_CONDITIONS = "DEBUG $(inherited)";
				SWIFT_OPTIMIZATION_LEVEL = "-Onone";
			};
			name = Debug;
		};
		B068F1A32E10664A005AA07E /* Release */ = {
			isa = XCBuildConfiguration;
			buildSettings = {
				ALWAYS_SEARCH_USER_PATHS = NO;
				ASSETCATALOG_COMPILER_GENERATE_SWIFT_ASSET_SYMBOL_EXTENSIONS = YES;
				CLANG_ANALYZER_NONNULL = YES;
				CLANG_ANALYZER_NUMBER_OBJECT_CONVERSION = YES_AGGRESSIVE;
				CLANG_CXX_LANGUAGE_STANDARD = "gnu++20";
				CLANG_ENABLE_MODULES = YES;
				CLANG_ENABLE_OBJC_ARC = YES;
				CLANG_ENABLE_OBJC_WEAK = YES;
				CLANG_WARN_BLOCK_CAPTURE_AUTORELEASING = YES;
				CLANG_WARN_BOOL_CONVERSION = YES;
				CLANG_WARN_COMMA = YES;
				CLANG_WARN_CONSTANT_CONVERSION = YES;
				CLANG_WARN_DEPRECATED_OBJC_IMPLEMENTATIONS = YES;
				CLANG_WARN_DIRECT_OBJC_ISA_USAGE = YES_ERROR;
				CLANG_WARN_DOCUMENTATION_COMMENTS = YES;
				CLANG_WARN_EMPTY_BODY = YES;
				CLANG_WARN_ENUM_CONVERSION = YES;
				CLANG_WARN_INFINITE_RECURSION = YES;
				CLANG_WARN_INT_CONVERSION = YES;
				CLANG_WARN_NON_LITERAL_NULL_CONVERSION = YES;
				CLANG_WARN_OBJC_IMPLICIT_RETAIN_SELF = YES;
				CLANG_WARN_OBJC_LITERAL_CONVERSION = YES;
				CLANG_WARN_OBJC_ROOT_CLASS = YES_ERROR;
				CLANG_WARN_QUOTED_INCLUDE_IN_FRAMEWORK_HEADER = YES;
				CLANG_WARN_RANGE_LOOP_ANALYSIS = YES;
				CLANG_WARN_STRICT_PROTOTYPES = YES;
				CLANG_WARN_SUSPICIOUS_MOVE = YES;
				CLANG_WARN_UNGUARDED_AVAILABILITY = YES_AGGRESSIVE;
				CLANG_WARN_UNREACHABLE_CODE = YES;
				CLANG_WARN__DUPLICATE_METHOD_MATCH = YES;
				COPY_PHASE_STRIP = NO;
				DEBUG_INFORMATION_FORMAT = "dwarf-with-dsym";
				DEVELOPMENT_TEAM = BEJ53HUAE7;
				ENABLE_NS_ASSERTIONS = NO;
				ENABLE_STRICT_OBJC_MSGSEND = YES;
				ENABLE_USER_SCRIPT_SANDBOXING = YES;
				GCC_C_LANGUAGE_STANDARD = gnu17;
				GCC_NO_COMMON_BLOCKS = YES;
				GCC_WARN_64_TO_32_BIT_CONVERSION = YES;
				GCC_WARN_ABOUT_RETURN_TYPE = YES_ERROR;
				GCC_WARN_UNDECLARED_SELECTOR = YES;
				GCC_WARN_UNINITIALIZED_AUTOS = YES_AGGRESSIVE;
				GCC_WARN_UNUSED_FUNCTION = YES;
				GCC_WARN_UNUSED_VARIABLE = YES;
				LOCALIZATION_PREFERS_STRING_CATALOGS = YES;
				MACOSX_DEPLOYMENT_TARGET = 15.5;
				MTL_ENABLE_DEBUG_INFO = NO;
				MTL_FAST_MATH = YES;
				SDKROOT = macosx;
				SWIFT_COMPILATION_MODE = wholemodule;
			};
			name = Release;
		};
		B068F1A52E10664A005AA07E /* Debug */ = {
			isa = XCBuildConfiguration;
			buildSettings = {
				ASSETCATALOG_COMPILER_APPICON_NAME = AppIcon;
				ASSETCATALOG_COMPILER_GLOBAL_ACCENT_COLOR_NAME = AccentColor;
				CODE_SIGN_ENTITLEMENTS = designstage/designstage.entitlements;
				CODE_SIGN_STYLE = Automatic;
				COMBINE_HIDPI_IMAGES = YES;
				CURRENT_PROJECT_VERSION = 1;
				DEVELOPMENT_TEAM = BEJ53HUAE7;
				ENABLE_HARDENED_RUNTIME = YES;
				ENABLE_PREVIEWS = YES;
				GENERATE_INFOPLIST_FILE = YES;
				INFOPLIST_KEY_NSHumanReadableCopyright = "";
				LD_RUNPATH_SEARCH_PATHS = (
					"$(inherited)",
					"@executable_path/../Frameworks",
				);
				MARKETING_VERSION = 1.0;
				PRODUCT_BUNDLE_IDENTIFIER = sherizan.designstage;
				PRODUCT_NAME = "$(TARGET_NAME)";
				REGISTER_APP_GROUPS = YES;
				SWIFT_EMIT_LOC_STRINGS = YES;
				SWIFT_VERSION = 5.0;
			};
			name = Debug;
		};
		B068F1A62E10664A005AA07E /* Release */ = {
			isa = XCBuildConfiguration;
			buildSettings = {
				ASSETCATALOG_COMPILER_APPICON_NAME = AppIcon;
				ASSETCATALOG_COMPILER_GLOBAL_ACCENT_COLOR_NAME = AccentColor;
				CODE_SIGN_ENTITLEMENTS = designstage/designstage.entitlements;
				CODE_SIGN_STYLE = Automatic;
				COMBINE_HIDPI_IMAGES = YES;
				CURRENT_PROJECT_VERSION = 1;
				DEVELOPMENT_TEAM = BEJ53HUAE7;
				ENABLE_HARDENED_RUNTIME = YES;
				ENABLE_PREVIEWS = YES;
				GENERATE_INFOPLIST_FILE = YES;
				INFOPLIST_KEY_NSHumanReadableCopyright = "";
				LD_RUNPATH_SEARCH_PATHS = (
					"$(inherited)",
					"@executable_path/../Frameworks",
				);
				MARKETING_VERSION = 1.0;
				PRODUCT_BUNDLE_IDENTIFIER = sherizan.designstage;
				PRODUCT_NAME = "$(TARGET_NAME)";
				REGISTER_APP_GROUPS = YES;
				SWIFT_EMIT_LOC_STRINGS = YES;
				SWIFT_VERSION = 5.0;
			};
			name = Release;
		};
		B068F1A82E10664A005AA07E /* Debug */ = {
			isa = XCBuildConfiguration;
			buildSettings = {
				BUNDLE_LOADER = "$(TEST_HOST)";
				CODE_SIGN_STYLE = Automatic;
				CURRENT_PROJECT_VERSION = 1;
				DEVELOPMENT_TEAM = BEJ53HUAE7;
				GENERATE_INFOPLIST_FILE = YES;
				MACOSX_DEPLOYMENT_TARGET = 15.5;
				MARKETING_VERSION = 1.0;
				PRODUCT_BUNDLE_IDENTIFIER = sherizan.designstageTests;
				PRODUCT_NAME = "$(TARGET_NAME)";
				SWIFT_EMIT_LOC_STRINGS = NO;
				SWIFT_VERSION = 5.0;
				TEST_HOST = "$(BUILT_PRODUCTS_DIR)/designstage.app/$(BUNDLE_EXECUTABLE_FOLDER_PATH)/designstage";
			};
			name = Debug;
		};
		B068F1A92E10664A005AA07E /* Release */ = {
			isa = XCBuildConfiguration;
			buildSettings = {
				BUNDLE_LOADER = "$(TEST_HOST)";
				CODE_SIGN_STYLE = Automatic;
				CURRENT_PROJECT_VERSION = 1;
				DEVELOPMENT_TEAM = BEJ53HUAE7;
				GENERATE_INFOPLIST_FILE = YES;
				MACOSX_DEPLOYMENT_TARGET = 15.5;
				MARKETING_VERSION = 1.0;
				PRODUCT_BUNDLE_IDENTIFIER = sherizan.designstageTests;
				PRODUCT_NAME = "$(TARGET_NAME)";
				SWIFT_EMIT_LOC_STRINGS = NO;
				SWIFT_VERSION = 5.0;
				TEST_HOST = "$(BUILT_PRODUCTS_DIR)/designstage.app/$(BUNDLE_EXECUTABLE_FOLDER_PATH)/designstage";
			};
			name = Release;
		};
		B068F1AB2E10664A005AA07E /* Debug */ = {
			isa = XCBuildConfiguration;
			buildSettings = {
				CODE_SIGN_STYLE = Automatic;
				CURRENT_PROJECT_VERSION = 1;
				DEVELOPMENT_TEAM = BEJ53HUAE7;
				GENERATE_INFOPLIST_FILE = YES;
				MARKETING_VERSION = 1.0;
				PRODUCT_BUNDLE_IDENTIFIER = sherizan.designstageUITests;
				PRODUCT_NAME = "$(TARGET_NAME)";
				SWIFT_EMIT_LOC_STRINGS = NO;
				SWIFT_VERSION = 5.0;
				TEST_TARGET_NAME = designstage;
			};
			name = Debug;
		};
		B068F1AC2E10664A005AA07E /* Release */ = {
			isa = XCBuildConfiguration;
			buildSettings = {
				CODE_SIGN_STYLE = Automatic;
				CURRENT_PROJECT_VERSION = 1;
				DEVELOPMENT_TEAM = BEJ53HUAE7;
				GENERATE_INFOPLIST_FILE = YES;
				MARKETING_VERSION = 1.0;
				PRODUCT_BUNDLE_IDENTIFIER = sherizan.designstageUITests;
				PRODUCT_NAME = "$(TARGET_NAME)";
				SWIFT_EMIT_LOC_STRINGS = NO;
				SWIFT_VERSION = 5.0;
				TEST_TARGET_NAME = designstage;
			};
			name = Release;
		};
/* End XCBuildConfiguration section */

/* Begin XCConfigurationList section */
		B068F17D2E106648005AA07E /* Build configuration list for PBXProject "designstage" */ = {
			isa = XCConfigurationList;
			buildConfigurations = (
				B068F1A22E10664A005AA07E /* Debug */,
				B068F1A32E10664A005AA07E /* Release */,
			);
			defaultConfigurationIsVisible = 0;
			defaultConfigurationName = Release;
		};
		B068F1A42E10664A005AA07E /* Build configuration list for PBXNativeTarget "designstage" */ = {
			isa = XCConfigurationList;
			buildConfigurations = (
				B068F1A52E10664A005AA07E /* Debug */,
				B068F1A62E10664A005AA07E /* Release */,
			);
			defaultConfigurationIsVisible = 0;
			defaultConfigurationName = Release;
		};
		B068F1A72E10664A005AA07E /* Build configuration list for PBXNativeTarget "designstageTests" */ = {
			isa = XCConfigurationList;
			buildConfigurations = (
				B068F1A82E10664A005AA07E /* Debug */,
				B068F1A92E10664A005AA07E /* Release */,
			);
			defaultConfigurationIsVisible = 0;
			defaultConfigurationName = Release;
		};
		B068F1AA2E10664A005AA07E /* Build configuration list for PBXNativeTarget "designstageUITests" */ = {
			isa = XCConfigurationList;
			buildConfigurations = (
				B068F1AB2E10664A005AA07E /* Debug */,
				B068F1AC2E10664A005AA07E /* Release */,
			);
			defaultConfigurationIsVisible = 0;
			defaultConfigurationName = Release;
		};
/* End XCConfigurationList section */
	};
	rootObject = B068F17A2E106648005AA07E /* Project object */;
}
